
Microsoft Visual Studio Solution File, Format Version 12.00
# Visual Studio 15
VisualStudioVersion = 15.0.28307.757
MinimumVisualStudioVersion = 10.0.40219.1
Project("{FAE04EC0-301F-11D3-BF4B-00C04F79EFBC}") = "LiveChat", "LiveChat.csproj", "{084F1D75-6100-4A5C-8E73-1596E40A9B95}"
EndProject
Global
	GlobalSection(SolutionConfigurationPlatforms) = preSolution
		Debug|Any CPU = Debug|Any CPU
		Release|Any CPU = Release|Any CPU
	EndGlobalSection
	GlobalSection(ProjectConfigurationPlatforms) = postSolution
		{084F1D75-6100-4A5C-8E73-1596E40A9B95}.Debug|Any CPU.ActiveCfg = Debug|Any CPU
		{084F1D75-6100-4A5C-8E73-1596E40A9B95}.Debug|Any CPU.Build.0 = Debug|Any CPU
		{084F1D75-6100-4A5C-8E73-1596E40A9B95}.Release|Any CPU.ActiveCfg = Release|Any CPU
		{084F1D75-6100-4A5C-8E73-1596E40A9B95}.Release|Any CPU.Build.0 = Release|Any CPU
	EndGlobalSection
	GlobalSection(SolutionProperties) = preSolution
		HideSolutionNode = FALSE
	EndGlobalSection
	GlobalSection(ExtensibilityGlobals) = postSolution
		SolutionGuid = {605E75E7-7D43-48DA-AF36-0F9CDF9F38CF}
	EndGlobalSection
EndGlobal
